
Microsoft Visual Studio Solution File, Format Version 12.00
# Visual Studio 15
VisualStudioVersion = 15.0.26430.6
MinimumVisualStudioVersion = 10.0.40219.1
Project("{FAE04EC0-301F-11D3-BF4B-00C04F79EFBC}") = "Business_Logic_Layer", "Business_Logic_Layer\Business_Logic_Layer.csproj", "{0F155BD5-F935-4210-B5B6-AF9C158CA6E9}"
	ProjectSection(ProjectDependencies) = postProject
		{4F3A50D1-66CE-415F-AFD4-EAA7D2998A87} = {4F3A50D1-66CE-415F-AFD4-EAA7D2998A87}
		{315919E3-C940-4181-89C6-7CBBA3A476AF} = {315919E3-C940-4181-89C6-7CBBA3A476AF}
	EndProjectSection
EndProject
Project("{FAE04EC0-301F-11D3-BF4B-00C04F79EFBC}") = "Data_Access_Layer", "Data_Access _Layer\Data_Access_Layer.csproj", "{315919E3-C940-4181-89C6-7CBBA3A476AF}"
EndProject
Project("{FAE04EC0-301F-11D3-BF4B-00C04F79EFBC}") = "Entitys", "Entitys\Entitys.csproj", "{4F3A50D1-66CE-415F-AFD4-EAA7D2998A87}"
EndProject
Project("{FAE04EC0-301F-11D3-BF4B-00C04F79EFBC}") = "User_Interface_Layer", "User_Interface_Layer\User_Interface_Layer.csproj", "{359040BA-DC7A-4373-9CC9-37BA718FD1B0}"
	ProjectSection(ProjectDependencies) = postProject
		{4F3A50D1-66CE-415F-AFD4-EAA7D2998A87} = {4F3A50D1-66CE-415F-AFD4-EAA7D2998A87}
		{0F155BD5-F935-4210-B5B6-AF9C158CA6E9} = {0F155BD5-F935-4210-B5B6-AF9C158CA6E9}
	EndProjectSection
EndProject
Global
	GlobalSection(SolutionConfigurationPlatforms) = preSolution
		Debug|Any CPU = Debug|Any CPU
		Release|Any CPU = Release|Any CPU
	EndGlobalSection
	GlobalSection(ProjectConfigurationPlatforms) = postSolution
		{0F155BD5-F935-4210-B5B6-AF9C158CA6E9}.Debug|Any CPU.ActiveCfg = Debug|Any CPU
		{0F155BD5-F935-4210-B5B6-AF9C158CA6E9}.Debug|Any CPU.Build.0 = Debug|Any CPU
		{0F155BD5-F935-4210-B5B6-AF9C158CA6E9}.Release|Any CPU.ActiveCfg = Release|Any CPU
		{0F155BD5-F935-4210-B5B6-AF9C158CA6E9}.Release|Any CPU.Build.0 = Release|Any CPU
		{315919E3-C940-4181-89C6-7CBBA3A476AF}.Debug|Any CPU.ActiveCfg = Debug|Any CPU
		{315919E3-C940-4181-89C6-7CBBA3A476AF}.Debug|Any CPU.Build.0 = Debug|Any CPU
		{315919E3-C940-4181-89C6-7CBBA3A476AF}.Release|Any CPU.ActiveCfg = Release|Any CPU
		{315919E3-C940-4181-89C6-7CBBA3A476AF}.Release|Any CPU.Build.0 = Release|Any CPU
		{4F3A50D1-66CE-415F-AFD4-EAA7D2998A87}.Debug|Any CPU.ActiveCfg = Debug|Any CPU
		{4F3A50D1-66CE-415F-AFD4-EAA7D2998A87}.Debug|Any CPU.Build.0 = Debug|Any CPU
		{4F3A50D1-66CE-415F-AFD4-EAA7D2998A87}.Release|Any CPU.ActiveCfg = Release|Any CPU
		{4F3A50D1-66CE-415F-AFD4-EAA7D2998A87}.Release|Any CPU.Build.0 = Release|Any CPU
		{359040BA-DC7A-4373-9CC9-37BA718FD1B0}.Debug|Any CPU.ActiveCfg = Debug|Any CPU
		{359040BA-DC7A-4373-9CC9-37BA718FD1B0}.Debug|Any CPU.Build.0 = Debug|Any CPU
		{359040BA-DC7A-4373-9CC9-37BA718FD1B0}.Release|Any CPU.ActiveCfg = Release|Any CPU
		{359040BA-DC7A-4373-9CC9-37BA718FD1B0}.Release|Any CPU.Build.0 = Release|Any CPU
	EndGlobalSection
	GlobalSection(SolutionProperties) = preSolution
		HideSolutionNode = FALSE
	EndGlobalSection
EndGlobal
